Microsoft Visual Studio Solution File, Format Version 12.00
# Visual Studio 14
Project("{2150E333-8FDC-42A3-9474-1A3956D46DE8}") = "CMakePredefinedTargets", "CMakePredefinedTargets", "{F812612E-4C8A-326F-A647-4AC84E04C956}"
EndProject
Project("{2150E333-8FDC-42A3-9474-1A3956D46DE8}") = "GLFW3", "GLFW3", "{4CC95466-DB6D-3A3E-987C-E2E2AB57B8FA}"
EndProject
Project("{8BC9CEB8-8B4A-11D0-8D11-00A0C91BC942}") = "ALL_BUILD", "ALL_BUILD.vcxproj", "{F8EAC4C0-143F-3084-AA07-CFF8607C6362}"
	ProjectSection(ProjectDependencies) = postProject
		{8D86024D-5188-3FCD-84C2-CEF143246A02} = {8D86024D-5188-3FCD-84C2-CEF143246A02}
		{F4C6D40D-65E6-3E80-9805-53141739CF33} = {F4C6D40D-65E6-3E80-9805-53141739CF33}
	EndProjectSection
EndProject
Project("{8BC9CEB8-8B4A-11D0-8D11-00A0C91BC942}") = "ZERO_CHECK", "ZERO_CHECK.vcxproj", "{8D86024D-5188-3FCD-84C2-CEF143246A02}"
	ProjectSection(ProjectDependencies) = postProject
	EndProjectSection
EndProject
Project("{8BC9CEB8-8B4A-11D0-8D11-00A0C91BC942}") = "glfw", "src\glfw.vcxproj", "{F4C6D40D-65E6-3E80-9805-53141739CF33}"
	ProjectSection(ProjectDependencies) = postProject
		{8D86024D-5188-3FCD-84C2-CEF143246A02} = {8D86024D-5188-3FCD-84C2-CEF143246A02}
	EndProjectSection
EndProject
Global
	GlobalSection(SolutionConfigurationPlatforms) = preSolution
		Debug|Win32 = Debug|Win32
		Release|Win32 = Release|Win32
		MinSizeRel|Win32 = MinSizeRel|Win32
		RelWithDebInfo|Win32 = RelWithDebInfo|Win32
	EndGlobalSection
	GlobalSection(ProjectConfigurationPlatforms) = postSolution
		{F8EAC4C0-143F-3084-AA07-CFF8607C6362}.Debug|Win32.ActiveCfg = Debug|Win32
		{F8EAC4C0-143F-3084-AA07-CFF8607C6362}.Release|Win32.ActiveCfg = Release|Win32
		{F8EAC4C0-143F-3084-AA07-CFF8607C6362}.MinSizeRel|Win32.ActiveCfg = MinSizeRel|Win32
		{F8EAC4C0-143F-3084-AA07-CFF8607C6362}.RelWithDebInfo|Win32.ActiveCfg = RelWithDebInfo|Win32
		{8D86024D-5188-3FCD-84C2-CEF143246A02}.Debug|Win32.ActiveCfg = Debug|Win32
		{8D86024D-5188-3FCD-84C2-CEF143246A02}.Debug|Win32.Build.0 = Debug|Win32
		{8D86024D-5188-3FCD-84C2-CEF143246A02}.Release|Win32.ActiveCfg = Release|Win32
		{8D86024D-5188-3FCD-84C2-CEF143246A02}.Release|Win32.Build.0 = Release|Win32
		{8D86024D-5188-3FCD-84C2-CEF143246A02}.MinSizeRel|Win32.ActiveCfg = MinSizeRel|Win32
		{8D86024D-5188-3FCD-84C2-CEF143246A02}.MinSizeRel|Win32.Build.0 = MinSizeRel|Win32
		{8D86024D-5188-3FCD-84C2-CEF143246A02}.RelWithDebInfo|Win32.ActiveCfg = RelWithDebInfo|Win32
		{8D86024D-5188-3FCD-84C2-CEF143246A02}.RelWithDebInfo|Win32.Build.0 = RelWithDebInfo|Win32
		{F4C6D40D-65E6-3E80-9805-53141739CF33}.Debug|Win32.ActiveCfg = Debug|Win32
		{F4C6D40D-65E6-3E80-9805-53141739CF33}.Debug|Win32.Build.0 = Debug|Win32
		{F4C6D40D-65E6-3E80-9805-53141739CF33}.Release|Win32.ActiveCfg = Release|Win32
		{F4C6D40D-65E6-3E80-9805-53141739CF33}.Release|Win32.Build.0 = Release|Win32
		{F4C6D40D-65E6-3E80-9805-53141739CF33}.MinSizeRel|Win32.ActiveCfg = MinSizeRel|Win32
		{F4C6D40D-65E6-3E80-9805-53141739CF33}.MinSizeRel|Win32.Build.0 = MinSizeRel|Win32
		{F4C6D40D-65E6-3E80-9805-53141739CF33}.RelWithDebInfo|Win32.ActiveCfg = RelWithDebInfo|Win32
		{F4C6D40D-65E6-3E80-9805-53141739CF33}.RelWithDebInfo|Win32.Build.0 = RelWithDebInfo|Win32
	EndGlobalSection
	GlobalSection(NestedProjects) = preSolution
		{F8EAC4C0-143F-3084-AA07-CFF8607C6362} = {F812612E-4C8A-326F-A647-4AC84E04C956}
		{8D86024D-5188-3FCD-84C2-CEF143246A02} = {F812612E-4C8A-326F-A647-4AC84E04C956}
		{F4C6D40D-65E6-3E80-9805-53141739CF33} = {4CC95466-DB6D-3A3E-987C-E2E2AB57B8FA}
	EndGlobalSection
	GlobalSection(ExtensibilityGlobals) = postSolution
	EndGlobalSection
	GlobalSection(ExtensibilityAddIns) = postSolution
	EndGlobalSection
EndGlobal
